{
  "version": 4,
  "terraform_version": "1.9.7",
  "serial": 10,
  "lineage": "83fe85f7-b25b-4cdf-acf8-0daf564421fc",
  "outputs": {},
  "resources": [
    {
      "mode": "data",
      "type": "azurerm_client_config",
      "name": "current",
      "provider": "provider[\"registry.terraform.io/hashicorp/azurerm\"]",
      "instances": [
        {
          "schema_version": 0,
          "attributes": {
            "client_id": "04b07795-8ddb-461a-bbee-02f9e1bf7b46",
            "id": "Y2xpZW50Q29uZmlncy9jbGllbnRJZD0wNGIwNzc5NS04ZGRiLTQ2MWEtYmJlZS0wMmY5ZTFiZjdiNDY7b2JqZWN0SWQ9Njg1MjkyOWYtYzY4NS00Y2FjLWI2OGItNzc0ZjhhODYyMDE2O3N1YnNjcmlwdGlvbklkPWEwMTFlYTk1LWMxZmUtNDEyNS05Y2VmLTgyYWJjYWM3Zjc0MDt0ZW5hbnRJZD0zNzVmMGQwMC01ZDljLTRmNmItOWU2Yy0xZjgzZmU3MDYzOTI=",
            "object_id": "6852929f-c685-4cac-b68b-774f8a862016",
            "subscription_id": "a011ea95-c1fe-4125-9cef-82abcac7f740",
            "tenant_id": "375f0d00-5d9c-4f6b-9e6c-1f83fe706392",
            "timeouts": null
          },
          "sensitive_attributes": []
        }
      ]
    },
    {
      "mode": "managed",
      "type": "azurerm_federated_identity_credential",
      "name": "oidc_credential",
      "provider": "provider[\"registry.terraform.io/hashicorp/azurerm\"]",
      "instances": [
        {
          "schema_version": 0,
          "attributes": {
            "audience": [
              "api://AzureADTokenExchange"
            ],
            "id": "/subscriptions/a011ea95-c1fe-4125-9cef-82abcac7f740/resourceGroups/hallinc-aks-stage-rg/providers/Microsoft.ManagedIdentity/userAssignedIdentities/hallinc-aks-stage-github-oidc/federatedIdentityCredentials/kai-at-hallinc-k8-stage",
            "issuer": "https://token.actions.githubusercontent.com",
            "name": "kai-at-hallinc-k8-stage",
            "parent_id": "/subscriptions/a011ea95-c1fe-4125-9cef-82abcac7f740/resourceGroups/hallinc-aks-stage-rg/providers/Microsoft.ManagedIdentity/userAssignedIdentities/hallinc-aks-stage-github-oidc",
            "resource_group_name": "hallinc-aks-stage-rg",
            "subject": "repo:kai-at-hallinc/k8:environment:stage",
            "timeouts": null
          },
          "sensitive_attributes": [],
          "private": "eyJlMmJmYjczMC1lY2FhLTExZTYtOGY4OC0zNDM2M2JjN2M0YzAiOnsiY3JlYXRlIjoxODAwMDAwMDAwMDAwLCJkZWxldGUiOjE4MDAwMDAwMDAwMDAsInJlYWQiOjMwMDAwMDAwMDAwMCwidXBkYXRlIjoxODAwMDAwMDAwMDAwfX0=",
          "dependencies": [
            "azurerm_resource_group.aks-resources",
            "azurerm_user_assigned_identity.oidc_identity"
          ]
        }
      ]
    },
    {
      "mode": "managed",
      "type": "azurerm_resource_group",
      "name": "aks-resources",
      "provider": "provider[\"registry.terraform.io/hashicorp/azurerm\"]",
      "instances": [
        {
          "schema_version": 0,
          "attributes": {
            "id": "/subscriptions/a011ea95-c1fe-4125-9cef-82abcac7f740/resourceGroups/hallinc-aks-stage-rg",
            "location": "swedencentral",
            "managed_by": "",
            "name": "hallinc-aks-stage-rg",
            "tags": {},
            "timeouts": null
          },
          "sensitive_attributes": [],
          "private": "eyJlMmJmYjczMC1lY2FhLTExZTYtOGY4OC0zNDM2M2JjN2M0YzAiOnsiY3JlYXRlIjo1NDAwMDAwMDAwMDAwLCJkZWxldGUiOjU0MDAwMDAwMDAwMDAsInJlYWQiOjMwMDAwMDAwMDAwMCwidXBkYXRlIjo1NDAwMDAwMDAwMDAwfX0="
        }
      ]
    },
    {
      "mode": "managed",
      "type": "azurerm_role_assignment",
      "name": "resource_group",
      "provider": "provider[\"registry.terraform.io/hashicorp/azurerm\"]",
      "instances": [
        {
          "schema_version": 0,
          "attributes": {
            "condition": "",
            "condition_version": "",
            "delegated_managed_identity_resource_id": "",
            "description": "",
            "id": "/subscriptions/a011ea95-c1fe-4125-9cef-82abcac7f740/resourceGroups/hallinc-aks-stage-rg/providers/Microsoft.Authorization/roleAssignments/fe253295-f78c-2feb-3db9-d9374a549626",
            "name": "fe253295-f78c-2feb-3db9-d9374a549626",
            "principal_id": "c087e5ed-4a7b-4b07-b150-d3710ccef3cc",
            "principal_type": "ServicePrincipal",
            "role_definition_id": "/subscriptions/a011ea95-c1fe-4125-9cef-82abcac7f740/providers/Microsoft.Authorization/roleDefinitions/b24988ac-6180-42a0-ab88-20f7382dd24c",
            "role_definition_name": "Contributor",
            "scope": "/subscriptions/a011ea95-c1fe-4125-9cef-82abcac7f740/resourceGroups/hallinc-aks-stage-rg",
            "skip_service_principal_aad_check": null,
            "timeouts": null
          },
          "sensitive_attributes": [],
          "private": "eyJlMmJmYjczMC1lY2FhLTExZTYtOGY4OC0zNDM2M2JjN2M0YzAiOnsiY3JlYXRlIjoxODAwMDAwMDAwMDAwLCJkZWxldGUiOjE4MDAwMDAwMDAwMDAsInJlYWQiOjMwMDAwMDAwMDAwMH19",
          "dependencies": [
            "azurerm_resource_group.aks-resources",
            "azurerm_user_assigned_identity.oidc_identity"
          ]
        }
      ]
    },
    {
      "mode": "managed",
      "type": "azurerm_role_assignment",
      "name": "storage_container",
      "provider": "provider[\"registry.terraform.io/hashicorp/azurerm\"]",
      "instances": [
        {
          "schema_version": 0,
          "attributes": {
            "condition": "",
            "condition_version": "",
            "delegated_managed_identity_resource_id": "",
            "description": "",
            "id": "/subscriptions/a011ea95-c1fe-4125-9cef-82abcac7f740/resourceGroups/hallinc-aks-stage-rg/providers/Microsoft.Storage/storageAccounts/hallincakstfstate/blobServices/default/containers/tfstate/providers/Microsoft.Authorization/roleAssignments/d79973a1-c762-c69d-200e-8c9b54e4f83b",
            "name": "d79973a1-c762-c69d-200e-8c9b54e4f83b",
            "principal_id": "c087e5ed-4a7b-4b07-b150-d3710ccef3cc",
            "principal_type": "ServicePrincipal",
            "role_definition_id": "/subscriptions/a011ea95-c1fe-4125-9cef-82abcac7f740/providers/Microsoft.Authorization/roleDefinitions/ba92f5b4-2d11-453d-a403-e96b0029c9fe",
            "role_definition_name": "Storage Blob Data Contributor",
            "scope": "/subscriptions/a011ea95-c1fe-4125-9cef-82abcac7f740/resourceGroups/hallinc-aks-stage-rg/providers/Microsoft.Storage/storageAccounts/hallincakstfstate/blobServices/default/containers/tfstate",
            "skip_service_principal_aad_check": null,
            "timeouts": null
          },
          "sensitive_attributes": [],
          "private": "eyJlMmJmYjczMC1lY2FhLTExZTYtOGY4OC0zNDM2M2JjN2M0YzAiOnsiY3JlYXRlIjoxODAwMDAwMDAwMDAwLCJkZWxldGUiOjE4MDAwMDAwMDAwMDAsInJlYWQiOjMwMDAwMDAwMDAwMH19",
          "dependencies": [
            "azurerm_resource_group.aks-resources",
            "azurerm_storage_account.tfstate",
            "azurerm_storage_container.tfstate",
            "azurerm_user_assigned_identity.oidc_identity"
          ]
        }
      ]
    },
    {
      "mode": "managed",
      "type": "azurerm_storage_account",
      "name": "tfstate",
      "provider": "provider[\"registry.terraform.io/hashicorp/azurerm\"]",
      "instances": [
        {
          "schema_version": 4,
          "attributes": {
            "access_tier": "Hot",
            "account_kind": "StorageV2",
            "account_replication_type": "LRS",
            "account_tier": "Standard",
            "allow_nested_items_to_be_public": true,
            "allowed_copy_scope": "",
            "azure_files_authentication": [],
            "blob_properties": [
              {
                "change_feed_enabled": false,
                "change_feed_retention_in_days": 0,
                "container_delete_retention_policy": [],
                "cors_rule": [],
                "default_service_version": "",
                "delete_retention_policy": [],
                "last_access_time_enabled": false,
                "restore_policy": [],
                "versioning_enabled": false
              }
            ],
            "cross_tenant_replication_enabled": true,
            "custom_domain": [],
            "customer_managed_key": [],
            "default_to_oauth_authentication": false,
            "dns_endpoint_type": "Standard",
            "edge_zone": "",
            "enable_https_traffic_only": true,
            "https_traffic_only_enabled": true,
            "id": "/subscriptions/a011ea95-c1fe-4125-9cef-82abcac7f740/resourceGroups/hallinc-aks-stage-rg/providers/Microsoft.Storage/storageAccounts/hallincakstfstate",
            "identity": [],
            "immutability_policy": [],
            "infrastructure_encryption_enabled": false,
            "is_hns_enabled": false,
            "large_file_share_enabled": false,
            "local_user_enabled": true,
            "location": "swedencentral",
            "min_tls_version": "TLS1_2",
            "name": "hallincakstfstate",
            "network_rules": [],
            "nfsv3_enabled": false,
            "primary_access_key": "5o3UUIIb3FLLCW4t+jgBu/ClkZWFdEdy9eY+Z8PpZcDw2QjJFaR1BlgQ0hhPYTkiH+XQQnbb80z0+AStHdPjdg==",
            "primary_blob_connection_string": "DefaultEndpointsProtocol=https;BlobEndpoint=https://hallincakstfstate.blob.core.windows.net/;AccountName=hallincakstfstate;AccountKey=5o3UUIIb3FLLCW4t+jgBu/ClkZWFdEdy9eY+Z8PpZcDw2QjJFaR1BlgQ0hhPYTkiH+XQQnbb80z0+AStHdPjdg==",
            "primary_blob_endpoint": "https://hallincakstfstate.blob.core.windows.net/",
            "primary_blob_host": "hallincakstfstate.blob.core.windows.net",
            "primary_blob_internet_endpoint": "",
            "primary_blob_internet_host": "",
            "primary_blob_microsoft_endpoint": "",
            "primary_blob_microsoft_host": "",
            "primary_connection_string": "DefaultEndpointsProtocol=https;AccountName=hallincakstfstate;AccountKey=5o3UUIIb3FLLCW4t+jgBu/ClkZWFdEdy9eY+Z8PpZcDw2QjJFaR1BlgQ0hhPYTkiH+XQQnbb80z0+AStHdPjdg==;EndpointSuffix=core.windows.net",
            "primary_dfs_endpoint": "https://hallincakstfstate.dfs.core.windows.net/",
            "primary_dfs_host": "hallincakstfstate.dfs.core.windows.net",
            "primary_dfs_internet_endpoint": "",
            "primary_dfs_internet_host": "",
            "primary_dfs_microsoft_endpoint": "",
            "primary_dfs_microsoft_host": "",
            "primary_file_endpoint": "https://hallincakstfstate.file.core.windows.net/",
            "primary_file_host": "hallincakstfstate.file.core.windows.net",
            "primary_file_internet_endpoint": "",
            "primary_file_internet_host": "",
            "primary_file_microsoft_endpoint": "",
            "primary_file_microsoft_host": "",
            "primary_location": "swedencentral",
            "primary_queue_endpoint": "https://hallincakstfstate.queue.core.windows.net/",
            "primary_queue_host": "hallincakstfstate.queue.core.windows.net",
            "primary_queue_microsoft_endpoint": "",
            "primary_queue_microsoft_host": "",
            "primary_table_endpoint": "https://hallincakstfstate.table.core.windows.net/",
            "primary_table_host": "hallincakstfstate.table.core.windows.net",
            "primary_table_microsoft_endpoint": "",
            "primary_table_microsoft_host": "",
            "primary_web_endpoint": "https://hallincakstfstate.z1.web.core.windows.net/",
            "primary_web_host": "hallincakstfstate.z1.web.core.windows.net",
            "primary_web_internet_endpoint": "",
            "primary_web_internet_host": "",
            "primary_web_microsoft_endpoint": "",
            "primary_web_microsoft_host": "",
            "public_network_access_enabled": true,
            "queue_encryption_key_type": "Service",
            "queue_properties": [
              {
                "cors_rule": [],
                "hour_metrics": [
                  {
                    "enabled": true,
                    "include_apis": true,
                    "retention_policy_days": 7,
                    "version": "1.0"
                  }
                ],
                "logging": [
                  {
                    "delete": false,
                    "read": false,
                    "retention_policy_days": 0,
                    "version": "1.0",
                    "write": false
                  }
                ],
                "minute_metrics": [
                  {
                    "enabled": false,
                    "include_apis": false,
                    "retention_policy_days": 0,
                    "version": "1.0"
                  }
                ]
              }
            ],
            "resource_group_name": "hallinc-aks-stage-rg",
            "routing": [],
            "sas_policy": [],
            "secondary_access_key": "rdVwOTEH3udxm53TEmknfCI1Nk2z3JHTHTuF2P/zeEGTIaTkkLrjbRKky/viy0gc5KmCA/wxsNIk+ASteoC+hg==",
            "secondary_blob_connection_string": "",
            "secondary_blob_endpoint": "",
            "secondary_blob_host": "",
            "secondary_blob_internet_endpoint": "",
            "secondary_blob_internet_host": "",
            "secondary_blob_microsoft_endpoint": "",
            "secondary_blob_microsoft_host": "",
            "secondary_connection_string": "DefaultEndpointsProtocol=https;AccountName=hallincakstfstate;AccountKey=rdVwOTEH3udxm53TEmknfCI1Nk2z3JHTHTuF2P/zeEGTIaTkkLrjbRKky/viy0gc5KmCA/wxsNIk+ASteoC+hg==;EndpointSuffix=core.windows.net",
            "secondary_dfs_endpoint": "",
            "secondary_dfs_host": "",
            "secondary_dfs_internet_endpoint": "",
            "secondary_dfs_internet_host": "",
            "secondary_dfs_microsoft_endpoint": "",
            "secondary_dfs_microsoft_host": "",
            "secondary_file_endpoint": "",
            "secondary_file_host": "",
            "secondary_file_internet_endpoint": "",
            "secondary_file_internet_host": "",
            "secondary_file_microsoft_endpoint": "",
            "secondary_file_microsoft_host": "",
            "secondary_location": "",
            "secondary_queue_endpoint": "",
            "secondary_queue_host": "",
            "secondary_queue_microsoft_endpoint": "",
            "secondary_queue_microsoft_host": "",
            "secondary_table_endpoint": "",
            "secondary_table_host": "",
            "secondary_table_microsoft_endpoint": "",
            "secondary_table_microsoft_host": "",
            "secondary_web_endpoint": "",
            "secondary_web_host": "",
            "secondary_web_internet_endpoint": "",
            "secondary_web_internet_host": "",
            "secondary_web_microsoft_endpoint": "",
            "secondary_web_microsoft_host": "",
            "sftp_enabled": false,
            "share_properties": [
              {
                "cors_rule": [],
                "retention_policy": [
                  {
                    "days": 7
                  }
                ],
                "smb": []
              }
            ],
            "shared_access_key_enabled": true,
            "static_website": [],
            "table_encryption_key_type": "Service",
            "tags": {},
            "timeouts": null
          },
          "sensitive_attributes": [
            [
              {
                "type": "get_attr",
                "value": "secondary_connection_string"
              }
            ],
            [
              {
                "type": "get_attr",
                "value": "secondary_access_key"
              }
            ],
            [
              {
                "type": "get_attr",
                "value": "primary_connection_string"
              }
            ],
            [
              {
                "type": "get_attr",
                "value": "primary_access_key"
              }
            ],
            [
              {
                "type": "get_attr",
                "value": "primary_blob_connection_string"
              }
            ],
            [
              {
                "type": "get_attr",
                "value": "secondary_blob_connection_string"
              }
            ]
          ],
          "private": "eyJlMmJmYjczMC1lY2FhLTExZTYtOGY4OC0zNDM2M2JjN2M0YzAiOnsiY3JlYXRlIjozNjAwMDAwMDAwMDAwLCJkZWxldGUiOjM2MDAwMDAwMDAwMDAsInJlYWQiOjMwMDAwMDAwMDAwMCwidXBkYXRlIjozNjAwMDAwMDAwMDAwfSwic2NoZW1hX3ZlcnNpb24iOiI0In0=",
          "dependencies": [
            "azurerm_resource_group.aks-resources"
          ]
        }
      ]
    },
    {
      "mode": "managed",
      "type": "azurerm_storage_container",
      "name": "tfstate",
      "provider": "provider[\"registry.terraform.io/hashicorp/azurerm\"]",
      "instances": [
        {
          "schema_version": 1,
          "attributes": {
            "container_access_type": "private",
            "default_encryption_scope": "$account-encryption-key",
            "encryption_scope_override_enabled": true,
            "has_immutability_policy": false,
            "has_legal_hold": false,
            "id": "https://hallincakstfstate.blob.core.windows.net/tfstate",
            "metadata": {},
            "name": "tfstate",
            "resource_manager_id": "/subscriptions/a011ea95-c1fe-4125-9cef-82abcac7f740/resourceGroups/hallinc-aks-stage-rg/providers/Microsoft.Storage/storageAccounts/hallincakstfstate/blobServices/default/containers/tfstate",
            "storage_account_name": "hallincakstfstate",
            "timeouts": null
          },
          "sensitive_attributes": [],
          "private": "eyJlMmJmYjczMC1lY2FhLTExZTYtOGY4OC0zNDM2M2JjN2M0YzAiOnsiY3JlYXRlIjoxODAwMDAwMDAwMDAwLCJkZWxldGUiOjE4MDAwMDAwMDAwMDAsInJlYWQiOjMwMDAwMDAwMDAwMCwidXBkYXRlIjoxODAwMDAwMDAwMDAwfSwic2NoZW1hX3ZlcnNpb24iOiIxIn0=",
          "dependencies": [
            "azurerm_resource_group.aks-resources",
            "azurerm_storage_account.tfstate"
          ]
        }
      ]
    },
    {
      "mode": "managed",
      "type": "azurerm_user_assigned_identity",
      "name": "oidc_identity",
      "provider": "provider[\"registry.terraform.io/hashicorp/azurerm\"]",
      "instances": [
        {
          "schema_version": 1,
          "attributes": {
            "client_id": "031ff9ee-1499-4921-86fc-d40debd93116",
            "id": "/subscriptions/a011ea95-c1fe-4125-9cef-82abcac7f740/resourceGroups/hallinc-aks-stage-rg/providers/Microsoft.ManagedIdentity/userAssignedIdentities/hallinc-aks-stage-github-oidc",
            "location": "swedencentral",
            "name": "hallinc-aks-stage-github-oidc",
            "principal_id": "c087e5ed-4a7b-4b07-b150-d3710ccef3cc",
            "resource_group_name": "hallinc-aks-stage-rg",
            "tags": {},
            "tenant_id": "375f0d00-5d9c-4f6b-9e6c-1f83fe706392",
            "timeouts": null
          },
          "sensitive_attributes": [],
          "private": "eyJlMmJmYjczMC1lY2FhLTExZTYtOGY4OC0zNDM2M2JjN2M0YzAiOnsiY3JlYXRlIjoxODAwMDAwMDAwMDAwLCJkZWxldGUiOjE4MDAwMDAwMDAwMDAsInJlYWQiOjMwMDAwMDAwMDAwMCwidXBkYXRlIjoxODAwMDAwMDAwMDAwfSwic2NoZW1hX3ZlcnNpb24iOiIxIn0=",
          "dependencies": [
            "azurerm_resource_group.aks-resources"
          ]
        }
      ]
    }
  ],
  "check_results": null
}
