{
  "version": 4,
  "terraform_version": "1.9.7",
  "serial": 6,
  "lineage": "c3cc2138-54e3-b450-d6c3-79e5db682268",
  "outputs": {},
  "resources": [
    {
      "module": "module.network",
      "mode": "managed",
      "type": "azurerm_virtual_network",
      "name": "vnet",
      "provider": "provider[\"registry.terraform.io/hashicorp/azurerm\"]",
      "instances": [
        {
          "schema_version": 0,
          "attributes": {
            "address_space": [
              "10.52.0.0/16"
            ],
            "bgp_community": "",
            "ddos_protection_plan": [],
            "dns_servers": [],
            "edge_zone": "",
            "encryption": [],
            "flow_timeout_in_minutes": 0,
            "guid": "3337deae-e55a-4955-beb5-4741a5ac0b2d",
            "id": "/subscriptions/a011ea95-c1fe-4125-9cef-82abcac7f740/resourceGroups/aks-sandbox-rg/providers/Microsoft.Network/virtualNetworks/vnet-test-stage-hallinc",
            "location": "swedencentral",
            "name": "vnet-test-stage-hallinc",
            "resource_group_name": "aks-sandbox-rg",
            "subnet": [
              {
                "address_prefix": "10.52.0.0/24",
                "id": "/subscriptions/a011ea95-c1fe-4125-9cef-82abcac7f740/resourceGroups/aks-sandbox-rg/providers/Microsoft.Network/virtualNetworks/vnet-test-stage-hallinc/subnets/snet-aks-test-stage-hallinc",
                "name": "snet-aks-test-stage-hallinc",
                "security_group": ""
              },
              {
                "address_prefix": "10.52.2.0/26",
                "id": "/subscriptions/a011ea95-c1fe-4125-9cef-82abcac7f740/resourceGroups/aks-sandbox-rg/providers/Microsoft.Network/virtualNetworks/vnet-test-stage-hallinc/subnets/snet-pe-test-stage-hallinc",
                "name": "snet-pe-test-stage-hallinc",
                "security_group": ""
              }
            ],
            "tags": {},
            "timeouts": null
          },
          "sensitive_attributes": [],
          "private": "eyJlMmJmYjczMC1lY2FhLTExZTYtOGY4OC0zNDM2M2JjN2M0YzAiOnsiY3JlYXRlIjoxODAwMDAwMDAwMDAwLCJkZWxldGUiOjE4MDAwMDAwMDAwMDAsInJlYWQiOjMwMDAwMDAwMDAwMCwidXBkYXRlIjoxODAwMDAwMDAwMDAwfX0="
        }
      ]
    }
  ],
  "check_results": null
}
